
Microsoft Visual Studio Solution File, Format Version 12.00
# Visual Studio Version 16
VisualStudioVersion = 25.0.1706.0
MinimumVisualStudioVersion = 10.0.40219.1
Project("{FAE04EC0-301F-11D3-BF4B-00C04F79EFBC}") = "DevExpressIntApp", "DevExpressIntApp\DevExpressIntApp.csproj", "{7E3228F6-2E0E-492C-94FA-11E837A1C8A3}"
EndProject
Global
	GlobalSection(SolutionConfigurationPlatforms) = preSolution
		Debug|Any CPU = Debug|Any CPU
		Release|Any CPU = Release|Any CPU
	EndGlobalSection
	GlobalSection(ProjectConfigurationPlatforms) = postSolution
		{7E3228F6-2E0E-492C-94FA-11E837A1C8A3}.Debug|Any CPU.ActiveCfg = Debug|Any CPU
		{7E3228F6-2E0E-492C-94FA-11E837A1C8A3}.Debug|Any CPU.Build.0 = Debug|Any CPU
		{7E3228F6-2E0E-492C-94FA-11E837A1C8A3}.Release|Any CPU.ActiveCfg = Release|Any CPU
		{7E3228F6-2E0E-492C-94FA-11E837A1C8A3}.Release|Any CPU.Build.0 = Release|Any CPU
	EndGlobalSection
	GlobalSection(SolutionProperties) = preSolution
		HideSolutionNode = FALSE
	EndGlobalSection
	GlobalSection(ExtensibilityGlobals) = postSolution
		SolutionGuid = {DDFF9402-A061-48F1-A313-6DE69FBBBCFB}
	EndGlobalSection
EndGlobal
