
Microsoft Visual Studio Solution File, Format Version 12.00
# Visual Studio Version 17
VisualStudioVersion = 17.14.36301.6 d17.14
MinimumVisualStudioVersion = 10.0.40219.1
Project("{FAE04EC0-301F-11D3-BF4B-00C04F79EFBC}") = "CommunityToolkit", "CommunityToolkit.csproj", "{078A4E44-6BBD-B857-0E24-5520B8529D12}"
EndProject
Global
	GlobalSection(SolutionConfigurationPlatforms) = preSolution
		Debug|Any CPU = Debug|Any CPU
		Release|Any CPU = Release|Any CPU
	EndGlobalSection
	GlobalSection(ProjectConfigurationPlatforms) = postSolution
		{078A4E44-6BBD-B857-0E24-5520B8529D12}.Debug|Any CPU.ActiveCfg = Debug|Any CPU
		{078A4E44-6BBD-B857-0E24-5520B8529D12}.Debug|Any CPU.Build.0 = Debug|Any CPU
		{078A4E44-6BBD-B857-0E24-5520B8529D12}.Debug|Any CPU.Deploy.0 = Debug|Any CPU
		{078A4E44-6BBD-B857-0E24-5520B8529D12}.Release|Any CPU.ActiveCfg = Release|Any CPU
		{078A4E44-6BBD-B857-0E24-5520B8529D12}.Release|Any CPU.Build.0 = Release|Any CPU
	EndGlobalSection
	GlobalSection(SolutionProperties) = preSolution
		HideSolutionNode = FALSE
	EndGlobalSection
	GlobalSection(ExtensibilityGlobals) = postSolution
		SolutionGuid = {D8BC2953-F3C5-4CC0-A5DC-F7546BADF4FF}
	EndGlobalSection
EndGlobal
